{
  "name": "yallist-deno",
  "version": "4.0.0",
  "lockfileVersion": 1,
  "requires": true,
  "dependencies": {
    "@types/yallist": {
      "version": "3.0.1",
      "resolved": "https://registry.npmjs.org/@types/yallist/-/yallist-3.0.1.tgz",
      "integrity": "sha512-nky1uSaFye8rZctRgEd+hC0rNZuDDH49DwOHdSIvgiRZPERVvcEFfV3kUReE60GMFNjG1z8x9ncSb+WKj3cMcA==",
      "dev": true
    }
  }
}
